{
  "requires": true,
  "lockfileVersion": 1,
  "dependencies": {
    "js-base64": {
      "version": "2.5.1",
      "resolved": "http://registry.npm.taobao.org/js-base64/download/js-base64-2.5.1.tgz",
      "integrity": "sha1-Hvo57yxfeYC7F4St5KivLeMpESE="
    },
    "js-cookie": {
      "version": "2.2.1",
      "resolved": "https://registry.npm.taobao.org/js-cookie/download/js-cookie-2.2.1.tgz?cache=0&other_urls=https%3A%2F%2Fregistry.npm.taobao.org%2Fjs-cookie%2Fdownload%2Fjs-cookie-2.2.1.tgz",
      "integrity": "sha1-aeEG3F1YBolFYpAqpbrsN0Tpsrg="
    },
    "prettier": {
      "version": "1.12.1",
      "resolved": "http://registry.npm.taobao.org/prettier/download/prettier-1.12.1.tgz",
      "integrity": "sha1-wa0g6APndJ+vkFpAnSNn4Gu+cyU="
    }
  }
}
